
Microsoft Visual Studio Solution File, Format Version 12.00
# Visual Studio Version 17
VisualStudioVersion = 17.4.33213.308
MinimumVisualStudioVersion = 10.0.40219.1
Project("{FAE04EC0-301F-11D3-BF4B-00C04F79EFBC}") = "Tamagochi Idle", "Tamagochi Idle\Tamagochi Idle.csproj", "{828C72B2-A1E7-46B1-A035-84254577EE44}"
EndProject
Global
	GlobalSection(SolutionConfigurationPlatforms) = preSolution
		Debug|Any CPU = Debug|Any CPU
		Release|Any CPU = Release|Any CPU
	EndGlobalSection
	GlobalSection(ProjectConfigurationPlatforms) = postSolution
		{828C72B2-A1E7-46B1-A035-84254577EE44}.Debug|Any CPU.ActiveCfg = Debug|Any CPU
		{828C72B2-A1E7-46B1-A035-84254577EE44}.Debug|Any CPU.Build.0 = Debug|Any CPU
		{828C72B2-A1E7-46B1-A035-84254577EE44}.Release|Any CPU.ActiveCfg = Release|Any CPU
		{828C72B2-A1E7-46B1-A035-84254577EE44}.Release|Any CPU.Build.0 = Release|Any CPU
	EndGlobalSection
	GlobalSection(SolutionProperties) = preSolution
		HideSolutionNode = FALSE
	EndGlobalSection
	GlobalSection(ExtensibilityGlobals) = postSolution
		SolutionGuid = {4F4282CB-AA95-4028-A1B2-48BE77E9F634}
	EndGlobalSection
EndGlobal
